
Microsoft Visual Studio Solution File, Format Version 12.00
# Visual Studio 14
VisualStudioVersion = 14.0.24720.0
MinimumVisualStudioVersion = 10.0.40219.1
Project("{FAE04EC0-301F-11D3-BF4B-00C04F79EFBC}") = "DecorativePattern", "DesignPatternLearning\DecorativePattern.csproj", "{F4ACDDD9-9CDA-49D2-B7E7-8862656538BF}"
EndProject
Project("{FAE04EC0-301F-11D3-BF4B-00C04F79EFBC}") = "StrategyPattern", "StrategyPattern\StrategyPattern.csproj", "{7976D6E2-76DE-4064-A633-3E3D8288D9FF}"
EndProject
Project("{FAE04EC0-301F-11D3-BF4B-00C04F79EFBC}") = "ProxyPattern", "ProxyPattern\ProxyPattern.csproj", "{0A5DA6F5-5EEC-4AF6-834B-34F2D20A59B2}"
EndProject
Project("{FAE04EC0-301F-11D3-BF4B-00C04F79EFBC}") = "SimpleFactoryPattern", "SimpleFactoryPattern\SimpleFactoryPattern.csproj", "{E9D7BF4E-0BBE-4830-96FC-CD3A1C74DB99}"
EndProject
Project("{FAE04EC0-301F-11D3-BF4B-00C04F79EFBC}") = "FactoryPattern", "FactoryPattern\FactoryPattern.csproj", "{6A372F6B-35F3-4EB5-BF72-6CDAD85E03A1}"
EndProject
Project("{FAE04EC0-301F-11D3-BF4B-00C04F79EFBC}") = "FactoryPatternOpertion", "FactoryPatternOpertion\FactoryPatternOpertion.csproj", "{CECAA91A-A52C-4AD8-BA67-F4A2A3BB28CE}"
EndProject
Project("{FAE04EC0-301F-11D3-BF4B-00C04F79EFBC}") = "PrototypePattern", "PrototypePattern\PrototypePattern.csproj", "{BDAB73DD-D809-44F2-910C-8AA1990F3749}"
EndProject
Project("{FAE04EC0-301F-11D3-BF4B-00C04F79EFBC}") = "FacadePattern", "FacadePattern\FacadePattern.csproj", "{A813117B-14D3-4DF8-A649-A23EAC02A6FF}"
EndProject
Project("{FAE04EC0-301F-11D3-BF4B-00C04F79EFBC}") = "BuilderPattern", "BuilderPattern\BuilderPattern.csproj", "{596C016A-8B4D-4674-949D-43FDA2561C66}"
EndProject
Project("{FAE04EC0-301F-11D3-BF4B-00C04F79EFBC}") = "ObserverPattern", "ObserverPattern\ObserverPattern.csproj", "{E33B758A-2640-4359-A151-DFAB30645FE9}"
EndProject
Project("{FAE04EC0-301F-11D3-BF4B-00C04F79EFBC}") = "StatePattern", "StatePattern\StatePattern.csproj", "{FDC95C1F-F396-4717-9FC7-4B0FE5F67592}"
EndProject
Project("{FAE04EC0-301F-11D3-BF4B-00C04F79EFBC}") = "AdapterPattern", "AdapterPattern\AdapterPattern.csproj", "{F855AA86-F5C9-4D4A-91E4-C8F98C136100}"
EndProject
Project("{FAE04EC0-301F-11D3-BF4B-00C04F79EFBC}") = "MementoPattern", "Memento\MementoPattern.csproj", "{03D0989F-AF0D-47F6-9FE3-B2B720B81EDF}"
EndProject
Project("{FAE04EC0-301F-11D3-BF4B-00C04F79EFBC}") = "CloneTest", "Test\CloneTest.csproj", "{86D852F4-7FD0-4097-8FB5-F52C9FBAFA69}"
EndProject
Project("{FAE04EC0-301F-11D3-BF4B-00C04F79EFBC}") = "CompositePattern", "CompositePattern\CompositePattern.csproj", "{25DFD439-C378-430C-BD75-574EF0470FE2}"
EndProject
Project("{FAE04EC0-301F-11D3-BF4B-00C04F79EFBC}") = "IteratorPattern", "IteratorPattern\IteratorPattern.csproj", "{0AC4A2DF-7570-476F-BF4F-493F6729DB92}"
EndProject
Project("{FAE04EC0-301F-11D3-BF4B-00C04F79EFBC}") = "SingletonPattern", "SinglePattern\SingletonPattern.csproj", "{6C2A3228-6BCE-4F04-97EF-D0C780E7FBCC}"
EndProject
Project("{FAE04EC0-301F-11D3-BF4B-00C04F79EFBC}") = "SingletonPattern2", "SingletonPattern2\SingletonPattern2.csproj", "{0ED2ED34-0C76-40CC-9721-E7B7148F9EA9}"
EndProject
Project("{FAE04EC0-301F-11D3-BF4B-00C04F79EFBC}") = "BridgePattern", "BridgePattern\BridgePattern.csproj", "{206EB0BB-DC2E-48C3-B017-3D0BE7F1796A}"
EndProject
Project("{FAE04EC0-301F-11D3-BF4B-00C04F79EFBC}") = "CommandPattern", "CommandPattern\CommandPattern.csproj", "{2888A28B-118E-439D-A243-C40304558E49}"
EndProject
Project("{FAE04EC0-301F-11D3-BF4B-00C04F79EFBC}") = "PatternChainOfResponsibility", "ChainOfResponsibility\PatternChainOfResponsibility.csproj", "{F19DACC8-2CE4-4AC8-9F10-7F2C6E7B0BC8}"
EndProject
Project("{FAE04EC0-301F-11D3-BF4B-00C04F79EFBC}") = "MediatorPattern", "Mediator\MediatorPattern.csproj", "{1D9D89F6-82BA-4530-816E-C5F6B89B11A4}"
EndProject
Project("{FAE04EC0-301F-11D3-BF4B-00C04F79EFBC}") = "FlyweightPattern", "FlyweightPattern\FlyweightPattern.csproj", "{24CB4426-D692-4AAF-A46F-506BBCACCECF}"
EndProject
Project("{FAE04EC0-301F-11D3-BF4B-00C04F79EFBC}") = "IterpreterPattern", "Iterpreter\IterpreterPattern.csproj", "{0E53DFC8-2546-4892-8081-118AF3724C06}"
EndProject
Project("{FAE04EC0-301F-11D3-BF4B-00C04F79EFBC}") = "VisitorPattern", "VisitorPattern\VisitorPattern.csproj", "{8A99AC12-FEE7-450F-A84B-A8FC19D95F1F}"
EndProject
Global
	GlobalSection(SolutionConfigurationPlatforms) = preSolution
		Debug|Any CPU = Debug|Any CPU
		Release|Any CPU = Release|Any CPU
	EndGlobalSection
	GlobalSection(ProjectConfigurationPlatforms) = postSolution
		{F4ACDDD9-9CDA-49D2-B7E7-8862656538BF}.Debug|Any CPU.ActiveCfg = Debug|Any CPU
		{F4ACDDD9-9CDA-49D2-B7E7-8862656538BF}.Debug|Any CPU.Build.0 = Debug|Any CPU
		{F4ACDDD9-9CDA-49D2-B7E7-8862656538BF}.Release|Any CPU.ActiveCfg = Release|Any CPU
		{F4ACDDD9-9CDA-49D2-B7E7-8862656538BF}.Release|Any CPU.Build.0 = Release|Any CPU
		{7976D6E2-76DE-4064-A633-3E3D8288D9FF}.Debug|Any CPU.ActiveCfg = Debug|Any CPU
		{7976D6E2-76DE-4064-A633-3E3D8288D9FF}.Debug|Any CPU.Build.0 = Debug|Any CPU
		{7976D6E2-76DE-4064-A633-3E3D8288D9FF}.Release|Any CPU.ActiveCfg = Release|Any CPU
		{7976D6E2-76DE-4064-A633-3E3D8288D9FF}.Release|Any CPU.Build.0 = Release|Any CPU
		{0A5DA6F5-5EEC-4AF6-834B-34F2D20A59B2}.Debug|Any CPU.ActiveCfg = Debug|Any CPU
		{0A5DA6F5-5EEC-4AF6-834B-34F2D20A59B2}.Debug|Any CPU.Build.0 = Debug|Any CPU
		{0A5DA6F5-5EEC-4AF6-834B-34F2D20A59B2}.Release|Any CPU.ActiveCfg = Release|Any CPU
		{0A5DA6F5-5EEC-4AF6-834B-34F2D20A59B2}.Release|Any CPU.Build.0 = Release|Any CPU
		{E9D7BF4E-0BBE-4830-96FC-CD3A1C74DB99}.Debug|Any CPU.ActiveCfg = Debug|Any CPU
		{E9D7BF4E-0BBE-4830-96FC-CD3A1C74DB99}.Debug|Any CPU.Build.0 = Debug|Any CPU
		{E9D7BF4E-0BBE-4830-96FC-CD3A1C74DB99}.Release|Any CPU.ActiveCfg = Release|Any CPU
		{E9D7BF4E-0BBE-4830-96FC-CD3A1C74DB99}.Release|Any CPU.Build.0 = Release|Any CPU
		{6A372F6B-35F3-4EB5-BF72-6CDAD85E03A1}.Debug|Any CPU.ActiveCfg = Debug|Any CPU
		{6A372F6B-35F3-4EB5-BF72-6CDAD85E03A1}.Debug|Any CPU.Build.0 = Debug|Any CPU
		{6A372F6B-35F3-4EB5-BF72-6CDAD85E03A1}.Release|Any CPU.ActiveCfg = Release|Any CPU
		{6A372F6B-35F3-4EB5-BF72-6CDAD85E03A1}.Release|Any CPU.Build.0 = Release|Any CPU
		{CECAA91A-A52C-4AD8-BA67-F4A2A3BB28CE}.Debug|Any CPU.ActiveCfg = Debug|Any CPU
		{CECAA91A-A52C-4AD8-BA67-F4A2A3BB28CE}.Debug|Any CPU.Build.0 = Debug|Any CPU
		{CECAA91A-A52C-4AD8-BA67-F4A2A3BB28CE}.Release|Any CPU.ActiveCfg = Release|Any CPU
		{CECAA91A-A52C-4AD8-BA67-F4A2A3BB28CE}.Release|Any CPU.Build.0 = Release|Any CPU
		{BDAB73DD-D809-44F2-910C-8AA1990F3749}.Debug|Any CPU.ActiveCfg = Debug|Any CPU
		{BDAB73DD-D809-44F2-910C-8AA1990F3749}.Debug|Any CPU.Build.0 = Debug|Any CPU
		{BDAB73DD-D809-44F2-910C-8AA1990F3749}.Release|Any CPU.ActiveCfg = Release|Any CPU
		{BDAB73DD-D809-44F2-910C-8AA1990F3749}.Release|Any CPU.Build.0 = Release|Any CPU
		{A813117B-14D3-4DF8-A649-A23EAC02A6FF}.Debug|Any CPU.ActiveCfg = Debug|Any CPU
		{A813117B-14D3-4DF8-A649-A23EAC02A6FF}.Debug|Any CPU.Build.0 = Debug|Any CPU
		{A813117B-14D3-4DF8-A649-A23EAC02A6FF}.Release|Any CPU.ActiveCfg = Release|Any CPU
		{A813117B-14D3-4DF8-A649-A23EAC02A6FF}.Release|Any CPU.Build.0 = Release|Any CPU
		{596C016A-8B4D-4674-949D-43FDA2561C66}.Debug|Any CPU.ActiveCfg = Debug|Any CPU
		{596C016A-8B4D-4674-949D-43FDA2561C66}.Debug|Any CPU.Build.0 = Debug|Any CPU
		{596C016A-8B4D-4674-949D-43FDA2561C66}.Release|Any CPU.ActiveCfg = Release|Any CPU
		{596C016A-8B4D-4674-949D-43FDA2561C66}.Release|Any CPU.Build.0 = Release|Any CPU
		{E33B758A-2640-4359-A151-DFAB30645FE9}.Debug|Any CPU.ActiveCfg = Debug|Any CPU
		{E33B758A-2640-4359-A151-DFAB30645FE9}.Debug|Any CPU.Build.0 = Debug|Any CPU
		{E33B758A-2640-4359-A151-DFAB30645FE9}.Release|Any CPU.ActiveCfg = Release|Any CPU
		{E33B758A-2640-4359-A151-DFAB30645FE9}.Release|Any CPU.Build.0 = Release|Any CPU
		{FDC95C1F-F396-4717-9FC7-4B0FE5F67592}.Debug|Any CPU.ActiveCfg = Debug|Any CPU
		{FDC95C1F-F396-4717-9FC7-4B0FE5F67592}.Debug|Any CPU.Build.0 = Debug|Any CPU
		{FDC95C1F-F396-4717-9FC7-4B0FE5F67592}.Release|Any CPU.ActiveCfg = Release|Any CPU
		{FDC95C1F-F396-4717-9FC7-4B0FE5F67592}.Release|Any CPU.Build.0 = Release|Any CPU
		{F855AA86-F5C9-4D4A-91E4-C8F98C136100}.Debug|Any CPU.ActiveCfg = Debug|Any CPU
		{F855AA86-F5C9-4D4A-91E4-C8F98C136100}.Debug|Any CPU.Build.0 = Debug|Any CPU
		{F855AA86-F5C9-4D4A-91E4-C8F98C136100}.Release|Any CPU.ActiveCfg = Release|Any CPU
		{F855AA86-F5C9-4D4A-91E4-C8F98C136100}.Release|Any CPU.Build.0 = Release|Any CPU
		{03D0989F-AF0D-47F6-9FE3-B2B720B81EDF}.Debug|Any CPU.ActiveCfg = Debug|Any CPU
		{03D0989F-AF0D-47F6-9FE3-B2B720B81EDF}.Debug|Any CPU.Build.0 = Debug|Any CPU
		{03D0989F-AF0D-47F6-9FE3-B2B720B81EDF}.Release|Any CPU.ActiveCfg = Release|Any CPU
		{03D0989F-AF0D-47F6-9FE3-B2B720B81EDF}.Release|Any CPU.Build.0 = Release|Any CPU
		{86D852F4-7FD0-4097-8FB5-F52C9FBAFA69}.Debug|Any CPU.ActiveCfg = Debug|Any CPU
		{86D852F4-7FD0-4097-8FB5-F52C9FBAFA69}.Debug|Any CPU.Build.0 = Debug|Any CPU
		{86D852F4-7FD0-4097-8FB5-F52C9FBAFA69}.Release|Any CPU.ActiveCfg = Release|Any CPU
		{86D852F4-7FD0-4097-8FB5-F52C9FBAFA69}.Release|Any CPU.Build.0 = Release|Any CPU
		{25DFD439-C378-430C-BD75-574EF0470FE2}.Debug|Any CPU.ActiveCfg = Debug|Any CPU
		{25DFD439-C378-430C-BD75-574EF0470FE2}.Debug|Any CPU.Build.0 = Debug|Any CPU
		{25DFD439-C378-430C-BD75-574EF0470FE2}.Release|Any CPU.ActiveCfg = Release|Any CPU
		{25DFD439-C378-430C-BD75-574EF0470FE2}.Release|Any CPU.Build.0 = Release|Any CPU
		{0AC4A2DF-7570-476F-BF4F-493F6729DB92}.Debug|Any CPU.ActiveCfg = Debug|Any CPU
		{0AC4A2DF-7570-476F-BF4F-493F6729DB92}.Debug|Any CPU.Build.0 = Debug|Any CPU
		{0AC4A2DF-7570-476F-BF4F-493F6729DB92}.Release|Any CPU.ActiveCfg = Release|Any CPU
		{0AC4A2DF-7570-476F-BF4F-493F6729DB92}.Release|Any CPU.Build.0 = Release|Any CPU
		{6C2A3228-6BCE-4F04-97EF-D0C780E7FBCC}.Debug|Any CPU.ActiveCfg = Debug|Any CPU
		{6C2A3228-6BCE-4F04-97EF-D0C780E7FBCC}.Debug|Any CPU.Build.0 = Debug|Any CPU
		{6C2A3228-6BCE-4F04-97EF-D0C780E7FBCC}.Release|Any CPU.ActiveCfg = Release|Any CPU
		{6C2A3228-6BCE-4F04-97EF-D0C780E7FBCC}.Release|Any CPU.Build.0 = Release|Any CPU
		{0ED2ED34-0C76-40CC-9721-E7B7148F9EA9}.Debug|Any CPU.ActiveCfg = Debug|Any CPU
		{0ED2ED34-0C76-40CC-9721-E7B7148F9EA9}.Debug|Any CPU.Build.0 = Debug|Any CPU
		{0ED2ED34-0C76-40CC-9721-E7B7148F9EA9}.Release|Any CPU.ActiveCfg = Release|Any CPU
		{0ED2ED34-0C76-40CC-9721-E7B7148F9EA9}.Release|Any CPU.Build.0 = Release|Any CPU
		{206EB0BB-DC2E-48C3-B017-3D0BE7F1796A}.Debug|Any CPU.ActiveCfg = Debug|Any CPU
		{206EB0BB-DC2E-48C3-B017-3D0BE7F1796A}.Debug|Any CPU.Build.0 = Debug|Any CPU
		{206EB0BB-DC2E-48C3-B017-3D0BE7F1796A}.Release|Any CPU.ActiveCfg = Release|Any CPU
		{206EB0BB-DC2E-48C3-B017-3D0BE7F1796A}.Release|Any CPU.Build.0 = Release|Any CPU
		{2888A28B-118E-439D-A243-C40304558E49}.Debug|Any CPU.ActiveCfg = Debug|Any CPU
		{2888A28B-118E-439D-A243-C40304558E49}.Debug|Any CPU.Build.0 = Debug|Any CPU
		{2888A28B-118E-439D-A243-C40304558E49}.Release|Any CPU.ActiveCfg = Release|Any CPU
		{2888A28B-118E-439D-A243-C40304558E49}.Release|Any CPU.Build.0 = Release|Any CPU
		{F19DACC8-2CE4-4AC8-9F10-7F2C6E7B0BC8}.Debug|Any CPU.ActiveCfg = Debug|Any CPU
		{F19DACC8-2CE4-4AC8-9F10-7F2C6E7B0BC8}.Debug|Any CPU.Build.0 = Debug|Any CPU
		{F19DACC8-2CE4-4AC8-9F10-7F2C6E7B0BC8}.Release|Any CPU.ActiveCfg = Release|Any CPU
		{F19DACC8-2CE4-4AC8-9F10-7F2C6E7B0BC8}.Release|Any CPU.Build.0 = Release|Any CPU
		{1D9D89F6-82BA-4530-816E-C5F6B89B11A4}.Debug|Any CPU.ActiveCfg = Debug|Any CPU
		{1D9D89F6-82BA-4530-816E-C5F6B89B11A4}.Debug|Any CPU.Build.0 = Debug|Any CPU
		{1D9D89F6-82BA-4530-816E-C5F6B89B11A4}.Release|Any CPU.ActiveCfg = Release|Any CPU
		{1D9D89F6-82BA-4530-816E-C5F6B89B11A4}.Release|Any CPU.Build.0 = Release|Any CPU
		{24CB4426-D692-4AAF-A46F-506BBCACCECF}.Debug|Any CPU.ActiveCfg = Debug|Any CPU
		{24CB4426-D692-4AAF-A46F-506BBCACCECF}.Debug|Any CPU.Build.0 = Debug|Any CPU
		{24CB4426-D692-4AAF-A46F-506BBCACCECF}.Release|Any CPU.ActiveCfg = Release|Any CPU
		{24CB4426-D692-4AAF-A46F-506BBCACCECF}.Release|Any CPU.Build.0 = Release|Any CPU
		{0E53DFC8-2546-4892-8081-118AF3724C06}.Debug|Any CPU.ActiveCfg = Debug|Any CPU
		{0E53DFC8-2546-4892-8081-118AF3724C06}.Debug|Any CPU.Build.0 = Debug|Any CPU
		{0E53DFC8-2546-4892-8081-118AF3724C06}.Release|Any CPU.ActiveCfg = Release|Any CPU
		{0E53DFC8-2546-4892-8081-118AF3724C06}.Release|Any CPU.Build.0 = Release|Any CPU
		{8A99AC12-FEE7-450F-A84B-A8FC19D95F1F}.Debug|Any CPU.ActiveCfg = Debug|Any CPU
		{8A99AC12-FEE7-450F-A84B-A8FC19D95F1F}.Debug|Any CPU.Build.0 = Debug|Any CPU
		{8A99AC12-FEE7-450F-A84B-A8FC19D95F1F}.Release|Any CPU.ActiveCfg = Release|Any CPU
		{8A99AC12-FEE7-450F-A84B-A8FC19D95F1F}.Release|Any CPU.Build.0 = Release|Any CPU
	EndGlobalSection
	GlobalSection(SolutionProperties) = preSolution
		HideSolutionNode = FALSE
	EndGlobalSection
EndGlobal
